
Microsoft Visual Studio Solution File, Format Version 12.00
# Visual Studio Version 17
VisualStudioVersion = 17.4.33122.133
MinimumVisualStudioVersion = 10.0.40219.1
Project("{8BC9CEB8-8B4A-11D0-8D11-00A0C91BC942}") = "ControlStructures", "ControlStructures\ControlStructures.vcxproj", "{B20E2A94-459F-499E-A295-B5EBF4BD40E2}"
EndProject
Project("{8BC9CEB8-8B4A-11D0-8D11-00A0C91BC942}") = "FOR", "FOR\FOR.vcxproj", "{39DE1A58-AE8F-451C-BFCA-8EC3CAC7F475}"
EndProject
Project("{8BC9CEB8-8B4A-11D0-8D11-00A0C91BC942}") = "Geometry", "Geometry\Geometry.vcxproj", "{EECBC53A-6388-4891-8B06-274CCDE38DAD}"
EndProject
Project("{8BC9CEB8-8B4A-11D0-8D11-00A0C91BC942}") = "Funcc", "Funcc\Funcc.vcxproj", "{9A4A5D24-D2B3-46DB-96E5-655B8007F745}"
EndProject
Global
	GlobalSection(SolutionConfigurationPlatforms) = preSolution
		Debug|x64 = Debug|x64
		Debug|x86 = Debug|x86
		Release|x64 = Release|x64
		Release|x86 = Release|x86
	EndGlobalSection
	GlobalSection(ProjectConfigurationPlatforms) = postSolution
		{B20E2A94-459F-499E-A295-B5EBF4BD40E2}.Debug|x64.ActiveCfg = Debug|x64
		{B20E2A94-459F-499E-A295-B5EBF4BD40E2}.Debug|x64.Build.0 = Debug|x64
		{B20E2A94-459F-499E-A295-B5EBF4BD40E2}.Debug|x86.ActiveCfg = Debug|Win32
		{B20E2A94-459F-499E-A295-B5EBF4BD40E2}.Debug|x86.Build.0 = Debug|Win32
		{B20E2A94-459F-499E-A295-B5EBF4BD40E2}.Release|x64.ActiveCfg = Release|x64
		{B20E2A94-459F-499E-A295-B5EBF4BD40E2}.Release|x64.Build.0 = Release|x64
		{B20E2A94-459F-499E-A295-B5EBF4BD40E2}.Release|x86.ActiveCfg = Release|Win32
		{B20E2A94-459F-499E-A295-B5EBF4BD40E2}.Release|x86.Build.0 = Release|Win32
		{39DE1A58-AE8F-451C-BFCA-8EC3CAC7F475}.Debug|x64.ActiveCfg = Debug|x64
		{39DE1A58-AE8F-451C-BFCA-8EC3CAC7F475}.Debug|x64.Build.0 = Debug|x64
		{39DE1A58-AE8F-451C-BFCA-8EC3CAC7F475}.Debug|x86.ActiveCfg = Debug|Win32
		{39DE1A58-AE8F-451C-BFCA-8EC3CAC7F475}.Debug|x86.Build.0 = Debug|Win32
		{39DE1A58-AE8F-451C-BFCA-8EC3CAC7F475}.Release|x64.ActiveCfg = Release|x64
		{39DE1A58-AE8F-451C-BFCA-8EC3CAC7F475}.Release|x64.Build.0 = Release|x64
		{39DE1A58-AE8F-451C-BFCA-8EC3CAC7F475}.Release|x86.ActiveCfg = Release|Win32
		{39DE1A58-AE8F-451C-BFCA-8EC3CAC7F475}.Release|x86.Build.0 = Release|Win32
		{EECBC53A-6388-4891-8B06-274CCDE38DAD}.Debug|x64.ActiveCfg = Debug|x64
		{EECBC53A-6388-4891-8B06-274CCDE38DAD}.Debug|x64.Build.0 = Debug|x64
		{EECBC53A-6388-4891-8B06-274CCDE38DAD}.Debug|x86.ActiveCfg = Debug|Win32
		{EECBC53A-6388-4891-8B06-274CCDE38DAD}.Debug|x86.Build.0 = Debug|Win32
		{EECBC53A-6388-4891-8B06-274CCDE38DAD}.Release|x64.ActiveCfg = Release|x64
		{EECBC53A-6388-4891-8B06-274CCDE38DAD}.Release|x64.Build.0 = Release|x64
		{EECBC53A-6388-4891-8B06-274CCDE38DAD}.Release|x86.ActiveCfg = Release|Win32
		{EECBC53A-6388-4891-8B06-274CCDE38DAD}.Release|x86.Build.0 = Release|Win32
		{9A4A5D24-D2B3-46DB-96E5-655B8007F745}.Debug|x64.ActiveCfg = Debug|x64
		{9A4A5D24-D2B3-46DB-96E5-655B8007F745}.Debug|x64.Build.0 = Debug|x64
		{9A4A5D24-D2B3-46DB-96E5-655B8007F745}.Debug|x86.ActiveCfg = Debug|Win32
		{9A4A5D24-D2B3-46DB-96E5-655B8007F745}.Debug|x86.Build.0 = Debug|Win32
		{9A4A5D24-D2B3-46DB-96E5-655B8007F745}.Release|x64.ActiveCfg = Release|x64
		{9A4A5D24-D2B3-46DB-96E5-655B8007F745}.Release|x64.Build.0 = Release|x64
		{9A4A5D24-D2B3-46DB-96E5-655B8007F745}.Release|x86.ActiveCfg = Release|Win32
		{9A4A5D24-D2B3-46DB-96E5-655B8007F745}.Release|x86.Build.0 = Release|Win32
	EndGlobalSection
	GlobalSection(SolutionProperties) = preSolution
		HideSolutionNode = FALSE
	EndGlobalSection
	GlobalSection(ExtensibilityGlobals) = postSolution
		SolutionGuid = {2550F1F0-2AD0-4A8A-94A4-06E9F84BB6C4}
	EndGlobalSection
EndGlobal
